{
  "name": "create-agile-sdd",
  "version": "0.1.0",
  "lockfileVersion": 3,
  "requires": true,
  "packages": {
    "": {
      "name": "create-agile-sdd",
      "version": "0.1.0",
      "license": "MIT",
      "dependencies": {
        "create-agile-sdd": "file:create-agile-sdd-0.1.0.tgz"
      },
      "bin": {
        "create-agile-sdd": "bin/create-agile-sdd.cjs"
      },
      "engines": {
        "node": ">=18"
      }
    },
    "node_modules/create-agile-sdd": {
      "version": "0.1.0",
      "resolved": "file:create-agile-sdd-0.1.0.tgz",
      "integrity": "sha512-kj3EXyPFKxov/xp3ziN+NbjKeQLDJGIA0vzkCHP/gAfeFlM4rhbsurNlF+fV6x7dvS2Ii1fz2rF15h57JHHS6Q==",
      "license": "MIT",
      "bin": {
        "create-agile-sdd": "bin/create-agile-sdd.cjs"
      },
      "engines": {
        "node": ">=18"
      }
    }
  }
}
