{
  "name": "create-agile-sdd",
  "version": "0.1.0",
  "lockfileVersion": 3,
  "requires": true,
  "packages": {
    "": {
      "name": "create-agile-sdd",
      "version": "0.1.0",
      "license": "MIT",
      "bin": {
        "create-agile-sdd": "bin/create-agile-sdd.cjs"
      },
      "engines": {
        "node": ">=18"
      }
    }
  }
}
